
Microsoft Visual Studio Solution File, Format Version 12.00
# Visual Studio Version 17
Project("{8BC9CEB8-8B4A-11D0-8D11-00A0C91BC942}") = "ALL_BUILD", "ALL_BUILD.vcxproj", "{426D41E0-3594-383E-8FBC-4DD3D8D11A25}"
	ProjectSection(ProjectDependencies) = postProject
		{1CBD43E4-B299-3706-BE37-31E95D7DC430} = {1CBD43E4-B299-3706-BE37-31E95D7DC430}
		{3DD29E51-82C0-39AA-8A9C-BBC494DBDD97} = {3DD29E51-82C0-39AA-8A9C-BBC494DBDD97}
		{788A8526-1703-3EC5-8420-3C45289CD7D5} = {788A8526-1703-3EC5-8420-3C45289CD7D5}
		{10F5452D-2D01-38C2-84A3-891A43F8DEB5} = {10F5452D-2D01-38C2-84A3-891A43F8DEB5}
		{77C1466F-D52A-341C-BF51-CD03D03154C8} = {77C1466F-D52A-341C-BF51-CD03D03154C8}
		{DEB1B490-0BF1-36D0-80B3-52F381547496} = {DEB1B490-0BF1-36D0-80B3-52F381547496}
		{060B2E02-86BC-3A29-AD0A-7AE82D77E149} = {060B2E02-86BC-3A29-AD0A-7AE82D77E149}
		{323DF407-7066-3692-ACCE-5319C4934271} = {323DF407-7066-3692-ACCE-5319C4934271}
		{9AD67385-AED7-366A-8A85-6EC6EA54CEDD} = {9AD67385-AED7-366A-8A85-6EC6EA54CEDD}
		{F97CB4E7-72A3-39D7-A5CB-39A7BAB84075} = {F97CB4E7-72A3-39D7-A5CB-39A7BAB84075}
		{91EF5E7F-09C1-34A0-8347-2A0BC50B5002} = {91EF5E7F-09C1-34A0-8347-2A0BC50B5002}
		{7ECA16F1-FE7E-32BC-B38C-F8724083783B} = {7ECA16F1-FE7E-32BC-B38C-F8724083783B}
		{32383A3C-1CCF-3E08-95BF-60703FFE3FF0} = {32383A3C-1CCF-3E08-95BF-60703FFE3FF0}
		{31A86C1A-58CD-38A0-82EC-58CA0D911F78} = {31A86C1A-58CD-38A0-82EC-58CA0D911F78}
		{7665F33C-8C9B-303D-87EB-8FF1278B6D3F} = {7665F33C-8C9B-303D-87EB-8FF1278B6D3F}
		{59565C96-0D5C-3E2F-8A73-00C220BFD509} = {59565C96-0D5C-3E2F-8A73-00C220BFD509}
		{B49C3BF0-0085-31FF-A13F-659BF48A537F} = {B49C3BF0-0085-31FF-A13F-659BF48A537F}
		{5F8ABEA2-0D8E-3A1C-80A0-AC1A3E7A08A1} = {5F8ABEA2-0D8E-3A1C-80A0-AC1A3E7A08A1}
		{4AFC4B6B-9447-3192-A48E-2155CF615826} = {4AFC4B6B-9447-3192-A48E-2155CF615826}
		{1F23CEE2-45C0-313D-A8C5-2A4A86484854} = {1F23CEE2-45C0-313D-A8C5-2A4A86484854}
		{454DFA6E-30A7-36EC-A634-7252A4B2B1D3} = {454DFA6E-30A7-36EC-A634-7252A4B2B1D3}
		{454FFFD6-64A4-3B39-BAF2-EED6502C33A1} = {454FFFD6-64A4-3B39-BAF2-EED6502C33A1}
		{DBE0955A-F88C-33AD-9B1A-E3A2ECC41A00} = {DBE0955A-F88C-33AD-9B1A-E3A2ECC41A00}
		{EA0834A8-8853-34D6-A16C-D4A502532502} = {EA0834A8-8853-34D6-A16C-D4A502532502}
		{E6C85B1C-F5A2-3CA3-8066-C80B91107EA8} = {E6C85B1C-F5A2-3CA3-8066-C80B91107EA8}
	EndProjectSection
EndProject
Project("{8BC9CEB8-8B4A-11D0-8D11-00A0C91BC942}") = "INSTALL", "INSTALL.vcxproj", "{08342FF0-E124-30C2-8061-0DBB972ED4E7}"
	ProjectSection(ProjectDependencies) = postProject
		{426D41E0-3594-383E-8FBC-4DD3D8D11A25} = {426D41E0-3594-383E-8FBC-4DD3D8D11A25}
		{1CBD43E4-B299-3706-BE37-31E95D7DC430} = {1CBD43E4-B299-3706-BE37-31E95D7DC430}
	EndProjectSection
EndProject
Project("{8BC9CEB8-8B4A-11D0-8D11-00A0C91BC942}") = "PACKAGE", "PACKAGE.vcxproj", "{C1108328-3C01-3845-9562-80D34950A195}"
	ProjectSection(ProjectDependencies) = postProject
		{426D41E0-3594-383E-8FBC-4DD3D8D11A25} = {426D41E0-3594-383E-8FBC-4DD3D8D11A25}
		{1CBD43E4-B299-3706-BE37-31E95D7DC430} = {1CBD43E4-B299-3706-BE37-31E95D7DC430}
	EndProjectSection
EndProject
Project("{8BC9CEB8-8B4A-11D0-8D11-00A0C91BC942}") = "ZERO_CHECK", "ZERO_CHECK.vcxproj", "{1CBD43E4-B299-3706-BE37-31E95D7DC430}"
	ProjectSection(ProjectDependencies) = postProject
	EndProjectSection
EndProject
Project("{8BC9CEB8-8B4A-11D0-8D11-00A0C91BC942}") = "nfc", "libnfc\nfc.vcxproj", "{3DD29E51-82C0-39AA-8A9C-BBC494DBDD97}"
	ProjectSection(ProjectDependencies) = postProject
		{1CBD43E4-B299-3706-BE37-31E95D7DC430} = {1CBD43E4-B299-3706-BE37-31E95D7DC430}
	EndProjectSection
EndProject
Project("{8BC9CEB8-8B4A-11D0-8D11-00A0C91BC942}") = "nfc-anticol", "examples\nfc-anticol.vcxproj", "{788A8526-1703-3EC5-8420-3C45289CD7D5}"
	ProjectSection(ProjectDependencies) = postProject
		{1CBD43E4-B299-3706-BE37-31E95D7DC430} = {1CBD43E4-B299-3706-BE37-31E95D7DC430}
		{3DD29E51-82C0-39AA-8A9C-BBC494DBDD97} = {3DD29E51-82C0-39AA-8A9C-BBC494DBDD97}
		{454FFFD6-64A4-3B39-BAF2-EED6502C33A1} = {454FFFD6-64A4-3B39-BAF2-EED6502C33A1}
	EndProjectSection
EndProject
Project("{8BC9CEB8-8B4A-11D0-8D11-00A0C91BC942}") = "nfc-barcode", "utils\nfc-barcode.vcxproj", "{10F5452D-2D01-38C2-84A3-891A43F8DEB5}"
	ProjectSection(ProjectDependencies) = postProject
		{1CBD43E4-B299-3706-BE37-31E95D7DC430} = {1CBD43E4-B299-3706-BE37-31E95D7DC430}
		{3DD29E51-82C0-39AA-8A9C-BBC494DBDD97} = {3DD29E51-82C0-39AA-8A9C-BBC494DBDD97}
		{454FFFD6-64A4-3B39-BAF2-EED6502C33A1} = {454FFFD6-64A4-3B39-BAF2-EED6502C33A1}
	EndProjectSection
EndProject
Project("{8BC9CEB8-8B4A-11D0-8D11-00A0C91BC942}") = "nfc-dep-initiator", "examples\nfc-dep-initiator.vcxproj", "{77C1466F-D52A-341C-BF51-CD03D03154C8}"
	ProjectSection(ProjectDependencies) = postProject
		{1CBD43E4-B299-3706-BE37-31E95D7DC430} = {1CBD43E4-B299-3706-BE37-31E95D7DC430}
		{3DD29E51-82C0-39AA-8A9C-BBC494DBDD97} = {3DD29E51-82C0-39AA-8A9C-BBC494DBDD97}
		{454FFFD6-64A4-3B39-BAF2-EED6502C33A1} = {454FFFD6-64A4-3B39-BAF2-EED6502C33A1}
	EndProjectSection
EndProject
Project("{8BC9CEB8-8B4A-11D0-8D11-00A0C91BC942}") = "nfc-dep-target", "examples\nfc-dep-target.vcxproj", "{DEB1B490-0BF1-36D0-80B3-52F381547496}"
	ProjectSection(ProjectDependencies) = postProject
		{1CBD43E4-B299-3706-BE37-31E95D7DC430} = {1CBD43E4-B299-3706-BE37-31E95D7DC430}
		{3DD29E51-82C0-39AA-8A9C-BBC494DBDD97} = {3DD29E51-82C0-39AA-8A9C-BBC494DBDD97}
		{454FFFD6-64A4-3B39-BAF2-EED6502C33A1} = {454FFFD6-64A4-3B39-BAF2-EED6502C33A1}
	EndProjectSection
EndProject
Project("{8BC9CEB8-8B4A-11D0-8D11-00A0C91BC942}") = "nfc-emulate-forum-tag2", "examples\nfc-emulate-forum-tag2.vcxproj", "{060B2E02-86BC-3A29-AD0A-7AE82D77E149}"
	ProjectSection(ProjectDependencies) = postProject
		{1CBD43E4-B299-3706-BE37-31E95D7DC430} = {1CBD43E4-B299-3706-BE37-31E95D7DC430}
		{3DD29E51-82C0-39AA-8A9C-BBC494DBDD97} = {3DD29E51-82C0-39AA-8A9C-BBC494DBDD97}
		{454FFFD6-64A4-3B39-BAF2-EED6502C33A1} = {454FFFD6-64A4-3B39-BAF2-EED6502C33A1}
	EndProjectSection
EndProject
Project("{8BC9CEB8-8B4A-11D0-8D11-00A0C91BC942}") = "nfc-emulate-forum-tag4", "utils\nfc-emulate-forum-tag4.vcxproj", "{323DF407-7066-3692-ACCE-5319C4934271}"
	ProjectSection(ProjectDependencies) = postProject
		{1CBD43E4-B299-3706-BE37-31E95D7DC430} = {1CBD43E4-B299-3706-BE37-31E95D7DC430}
		{3DD29E51-82C0-39AA-8A9C-BBC494DBDD97} = {3DD29E51-82C0-39AA-8A9C-BBC494DBDD97}
		{454FFFD6-64A4-3B39-BAF2-EED6502C33A1} = {454FFFD6-64A4-3B39-BAF2-EED6502C33A1}
	EndProjectSection
EndProject
Project("{8BC9CEB8-8B4A-11D0-8D11-00A0C91BC942}") = "nfc-emulate-tag", "examples\nfc-emulate-tag.vcxproj", "{9AD67385-AED7-366A-8A85-6EC6EA54CEDD}"
	ProjectSection(ProjectDependencies) = postProject
		{1CBD43E4-B299-3706-BE37-31E95D7DC430} = {1CBD43E4-B299-3706-BE37-31E95D7DC430}
		{3DD29E51-82C0-39AA-8A9C-BBC494DBDD97} = {3DD29E51-82C0-39AA-8A9C-BBC494DBDD97}
		{454FFFD6-64A4-3B39-BAF2-EED6502C33A1} = {454FFFD6-64A4-3B39-BAF2-EED6502C33A1}
	EndProjectSection
EndProject
Project("{8BC9CEB8-8B4A-11D0-8D11-00A0C91BC942}") = "nfc-emulate-uid", "examples\nfc-emulate-uid.vcxproj", "{F97CB4E7-72A3-39D7-A5CB-39A7BAB84075}"
	ProjectSection(ProjectDependencies) = postProject
		{1CBD43E4-B299-3706-BE37-31E95D7DC430} = {1CBD43E4-B299-3706-BE37-31E95D7DC430}
		{3DD29E51-82C0-39AA-8A9C-BBC494DBDD97} = {3DD29E51-82C0-39AA-8A9C-BBC494DBDD97}
		{454FFFD6-64A4-3B39-BAF2-EED6502C33A1} = {454FFFD6-64A4-3B39-BAF2-EED6502C33A1}
	EndProjectSection
EndProject
Project("{8BC9CEB8-8B4A-11D0-8D11-00A0C91BC942}") = "nfc-jewel", "utils\nfc-jewel.vcxproj", "{91EF5E7F-09C1-34A0-8347-2A0BC50B5002}"
	ProjectSection(ProjectDependencies) = postProject
		{1CBD43E4-B299-3706-BE37-31E95D7DC430} = {1CBD43E4-B299-3706-BE37-31E95D7DC430}
		{3DD29E51-82C0-39AA-8A9C-BBC494DBDD97} = {3DD29E51-82C0-39AA-8A9C-BBC494DBDD97}
		{454FFFD6-64A4-3B39-BAF2-EED6502C33A1} = {454FFFD6-64A4-3B39-BAF2-EED6502C33A1}
	EndProjectSection
EndProject
Project("{8BC9CEB8-8B4A-11D0-8D11-00A0C91BC942}") = "nfc-list", "utils\nfc-list.vcxproj", "{7ECA16F1-FE7E-32BC-B38C-F8724083783B}"
	ProjectSection(ProjectDependencies) = postProject
		{1CBD43E4-B299-3706-BE37-31E95D7DC430} = {1CBD43E4-B299-3706-BE37-31E95D7DC430}
		{3DD29E51-82C0-39AA-8A9C-BBC494DBDD97} = {3DD29E51-82C0-39AA-8A9C-BBC494DBDD97}
		{454FFFD6-64A4-3B39-BAF2-EED6502C33A1} = {454FFFD6-64A4-3B39-BAF2-EED6502C33A1}
	EndProjectSection
EndProject
Project("{8BC9CEB8-8B4A-11D0-8D11-00A0C91BC942}") = "nfc-mfclassic", "utils\nfc-mfclassic.vcxproj", "{32383A3C-1CCF-3E08-95BF-60703FFE3FF0}"
	ProjectSection(ProjectDependencies) = postProject
		{1CBD43E4-B299-3706-BE37-31E95D7DC430} = {1CBD43E4-B299-3706-BE37-31E95D7DC430}
		{3DD29E51-82C0-39AA-8A9C-BBC494DBDD97} = {3DD29E51-82C0-39AA-8A9C-BBC494DBDD97}
		{454FFFD6-64A4-3B39-BAF2-EED6502C33A1} = {454FFFD6-64A4-3B39-BAF2-EED6502C33A1}
	EndProjectSection
EndProject
Project("{8BC9CEB8-8B4A-11D0-8D11-00A0C91BC942}") = "nfc-mfsetuid", "examples\nfc-mfsetuid.vcxproj", "{31A86C1A-58CD-38A0-82EC-58CA0D911F78}"
	ProjectSection(ProjectDependencies) = postProject
		{1CBD43E4-B299-3706-BE37-31E95D7DC430} = {1CBD43E4-B299-3706-BE37-31E95D7DC430}
		{3DD29E51-82C0-39AA-8A9C-BBC494DBDD97} = {3DD29E51-82C0-39AA-8A9C-BBC494DBDD97}
		{454FFFD6-64A4-3B39-BAF2-EED6502C33A1} = {454FFFD6-64A4-3B39-BAF2-EED6502C33A1}
	EndProjectSection
EndProject
Project("{8BC9CEB8-8B4A-11D0-8D11-00A0C91BC942}") = "nfc-mfultralight", "utils\nfc-mfultralight.vcxproj", "{7665F33C-8C9B-303D-87EB-8FF1278B6D3F}"
	ProjectSection(ProjectDependencies) = postProject
		{1CBD43E4-B299-3706-BE37-31E95D7DC430} = {1CBD43E4-B299-3706-BE37-31E95D7DC430}
		{3DD29E51-82C0-39AA-8A9C-BBC494DBDD97} = {3DD29E51-82C0-39AA-8A9C-BBC494DBDD97}
		{454FFFD6-64A4-3B39-BAF2-EED6502C33A1} = {454FFFD6-64A4-3B39-BAF2-EED6502C33A1}
	EndProjectSection
EndProject
Project("{8BC9CEB8-8B4A-11D0-8D11-00A0C91BC942}") = "nfc-poll", "examples\nfc-poll.vcxproj", "{59565C96-0D5C-3E2F-8A73-00C220BFD509}"
	ProjectSection(ProjectDependencies) = postProject
		{1CBD43E4-B299-3706-BE37-31E95D7DC430} = {1CBD43E4-B299-3706-BE37-31E95D7DC430}
		{3DD29E51-82C0-39AA-8A9C-BBC494DBDD97} = {3DD29E51-82C0-39AA-8A9C-BBC494DBDD97}
		{454FFFD6-64A4-3B39-BAF2-EED6502C33A1} = {454FFFD6-64A4-3B39-BAF2-EED6502C33A1}
	EndProjectSection
EndProject
Project("{8BC9CEB8-8B4A-11D0-8D11-00A0C91BC942}") = "nfc-read-forum-tag3", "utils\nfc-read-forum-tag3.vcxproj", "{B49C3BF0-0085-31FF-A13F-659BF48A537F}"
	ProjectSection(ProjectDependencies) = postProject
		{1CBD43E4-B299-3706-BE37-31E95D7DC430} = {1CBD43E4-B299-3706-BE37-31E95D7DC430}
		{3DD29E51-82C0-39AA-8A9C-BBC494DBDD97} = {3DD29E51-82C0-39AA-8A9C-BBC494DBDD97}
		{454FFFD6-64A4-3B39-BAF2-EED6502C33A1} = {454FFFD6-64A4-3B39-BAF2-EED6502C33A1}
	EndProjectSection
EndProject
Project("{8BC9CEB8-8B4A-11D0-8D11-00A0C91BC942}") = "nfc-relay", "examples\nfc-relay.vcxproj", "{5F8ABEA2-0D8E-3A1C-80A0-AC1A3E7A08A1}"
	ProjectSection(ProjectDependencies) = postProject
		{1CBD43E4-B299-3706-BE37-31E95D7DC430} = {1CBD43E4-B299-3706-BE37-31E95D7DC430}
		{3DD29E51-82C0-39AA-8A9C-BBC494DBDD97} = {3DD29E51-82C0-39AA-8A9C-BBC494DBDD97}
		{454FFFD6-64A4-3B39-BAF2-EED6502C33A1} = {454FFFD6-64A4-3B39-BAF2-EED6502C33A1}
	EndProjectSection
EndProject
Project("{8BC9CEB8-8B4A-11D0-8D11-00A0C91BC942}") = "nfc-relay-picc", "utils\nfc-relay-picc.vcxproj", "{4AFC4B6B-9447-3192-A48E-2155CF615826}"
	ProjectSection(ProjectDependencies) = postProject
		{1CBD43E4-B299-3706-BE37-31E95D7DC430} = {1CBD43E4-B299-3706-BE37-31E95D7DC430}
		{3DD29E51-82C0-39AA-8A9C-BBC494DBDD97} = {3DD29E51-82C0-39AA-8A9C-BBC494DBDD97}
		{454FFFD6-64A4-3B39-BAF2-EED6502C33A1} = {454FFFD6-64A4-3B39-BAF2-EED6502C33A1}
	EndProjectSection
EndProject
Project("{8BC9CEB8-8B4A-11D0-8D11-00A0C91BC942}") = "nfc-scan-device", "utils\nfc-scan-device.vcxproj", "{1F23CEE2-45C0-313D-A8C5-2A4A86484854}"
	ProjectSection(ProjectDependencies) = postProject
		{1CBD43E4-B299-3706-BE37-31E95D7DC430} = {1CBD43E4-B299-3706-BE37-31E95D7DC430}
		{3DD29E51-82C0-39AA-8A9C-BBC494DBDD97} = {3DD29E51-82C0-39AA-8A9C-BBC494DBDD97}
		{454FFFD6-64A4-3B39-BAF2-EED6502C33A1} = {454FFFD6-64A4-3B39-BAF2-EED6502C33A1}
	EndProjectSection
EndProject
Project("{8BC9CEB8-8B4A-11D0-8D11-00A0C91BC942}") = "nfc-st25tb", "examples\nfc-st25tb.vcxproj", "{454DFA6E-30A7-36EC-A634-7252A4B2B1D3}"
	ProjectSection(ProjectDependencies) = postProject
		{1CBD43E4-B299-3706-BE37-31E95D7DC430} = {1CBD43E4-B299-3706-BE37-31E95D7DC430}
		{3DD29E51-82C0-39AA-8A9C-BBC494DBDD97} = {3DD29E51-82C0-39AA-8A9C-BBC494DBDD97}
		{454FFFD6-64A4-3B39-BAF2-EED6502C33A1} = {454FFFD6-64A4-3B39-BAF2-EED6502C33A1}
	EndProjectSection
EndProject
Project("{8BC9CEB8-8B4A-11D0-8D11-00A0C91BC942}") = "nfcutils", "utils\nfcutils.vcxproj", "{454FFFD6-64A4-3B39-BAF2-EED6502C33A1}"
	ProjectSection(ProjectDependencies) = postProject
		{1CBD43E4-B299-3706-BE37-31E95D7DC430} = {1CBD43E4-B299-3706-BE37-31E95D7DC430}
		{3DD29E51-82C0-39AA-8A9C-BBC494DBDD97} = {3DD29E51-82C0-39AA-8A9C-BBC494DBDD97}
	EndProjectSection
EndProject
Project("{8BC9CEB8-8B4A-11D0-8D11-00A0C91BC942}") = "pn53x-diagnose", "examples\pn53x-diagnose.vcxproj", "{DBE0955A-F88C-33AD-9B1A-E3A2ECC41A00}"
	ProjectSection(ProjectDependencies) = postProject
		{1CBD43E4-B299-3706-BE37-31E95D7DC430} = {1CBD43E4-B299-3706-BE37-31E95D7DC430}
		{3DD29E51-82C0-39AA-8A9C-BBC494DBDD97} = {3DD29E51-82C0-39AA-8A9C-BBC494DBDD97}
		{454FFFD6-64A4-3B39-BAF2-EED6502C33A1} = {454FFFD6-64A4-3B39-BAF2-EED6502C33A1}
	EndProjectSection
EndProject
Project("{8BC9CEB8-8B4A-11D0-8D11-00A0C91BC942}") = "pn53x-sam", "examples\pn53x-sam.vcxproj", "{EA0834A8-8853-34D6-A16C-D4A502532502}"
	ProjectSection(ProjectDependencies) = postProject
		{1CBD43E4-B299-3706-BE37-31E95D7DC430} = {1CBD43E4-B299-3706-BE37-31E95D7DC430}
		{3DD29E51-82C0-39AA-8A9C-BBC494DBDD97} = {3DD29E51-82C0-39AA-8A9C-BBC494DBDD97}
		{454FFFD6-64A4-3B39-BAF2-EED6502C33A1} = {454FFFD6-64A4-3B39-BAF2-EED6502C33A1}
	EndProjectSection
EndProject
Project("{8BC9CEB8-8B4A-11D0-8D11-00A0C91BC942}") = "pn53x-tamashell", "examples\pn53x-tamashell.vcxproj", "{E6C85B1C-F5A2-3CA3-8066-C80B91107EA8}"
	ProjectSection(ProjectDependencies) = postProject
		{1CBD43E4-B299-3706-BE37-31E95D7DC430} = {1CBD43E4-B299-3706-BE37-31E95D7DC430}
		{3DD29E51-82C0-39AA-8A9C-BBC494DBDD97} = {3DD29E51-82C0-39AA-8A9C-BBC494DBDD97}
		{454FFFD6-64A4-3B39-BAF2-EED6502C33A1} = {454FFFD6-64A4-3B39-BAF2-EED6502C33A1}
	EndProjectSection
EndProject
Global
	GlobalSection(SolutionConfigurationPlatforms) = preSolution
		Debug|x64 = Debug|x64
		Release|x64 = Release|x64
		MinSizeRel|x64 = MinSizeRel|x64
		RelWithDebInfo|x64 = RelWithDebInfo|x64
	EndGlobalSection
	GlobalSection(ProjectConfigurationPlatforms) = postSolution
		{426D41E0-3594-383E-8FBC-4DD3D8D11A25}.Debug|x64.ActiveCfg = Debug|x64
		{426D41E0-3594-383E-8FBC-4DD3D8D11A25}.Debug|x64.Build.0 = Debug|x64
		{426D41E0-3594-383E-8FBC-4DD3D8D11A25}.Release|x64.ActiveCfg = Release|x64
		{426D41E0-3594-383E-8FBC-4DD3D8D11A25}.Release|x64.Build.0 = Release|x64
		{426D41E0-3594-383E-8FBC-4DD3D8D11A25}.MinSizeRel|x64.ActiveCfg = MinSizeRel|x64
		{426D41E0-3594-383E-8FBC-4DD3D8D11A25}.MinSizeRel|x64.Build.0 = MinSizeRel|x64
		{426D41E0-3594-383E-8FBC-4DD3D8D11A25}.RelWithDebInfo|x64.ActiveCfg = RelWithDebInfo|x64
		{426D41E0-3594-383E-8FBC-4DD3D8D11A25}.RelWithDebInfo|x64.Build.0 = RelWithDebInfo|x64
		{08342FF0-E124-30C2-8061-0DBB972ED4E7}.Debug|x64.ActiveCfg = Debug|x64
		{08342FF0-E124-30C2-8061-0DBB972ED4E7}.Release|x64.ActiveCfg = Release|x64
		{08342FF0-E124-30C2-8061-0DBB972ED4E7}.MinSizeRel|x64.ActiveCfg = MinSizeRel|x64
		{08342FF0-E124-30C2-8061-0DBB972ED4E7}.RelWithDebInfo|x64.ActiveCfg = RelWithDebInfo|x64
		{C1108328-3C01-3845-9562-80D34950A195}.Debug|x64.ActiveCfg = Debug|x64
		{C1108328-3C01-3845-9562-80D34950A195}.Release|x64.ActiveCfg = Release|x64
		{C1108328-3C01-3845-9562-80D34950A195}.MinSizeRel|x64.ActiveCfg = MinSizeRel|x64
		{C1108328-3C01-3845-9562-80D34950A195}.RelWithDebInfo|x64.ActiveCfg = RelWithDebInfo|x64
		{1CBD43E4-B299-3706-BE37-31E95D7DC430}.Debug|x64.ActiveCfg = Debug|x64
		{1CBD43E4-B299-3706-BE37-31E95D7DC430}.Debug|x64.Build.0 = Debug|x64
		{1CBD43E4-B299-3706-BE37-31E95D7DC430}.Release|x64.ActiveCfg = Release|x64
		{1CBD43E4-B299-3706-BE37-31E95D7DC430}.Release|x64.Build.0 = Release|x64
		{1CBD43E4-B299-3706-BE37-31E95D7DC430}.MinSizeRel|x64.ActiveCfg = MinSizeRel|x64
		{1CBD43E4-B299-3706-BE37-31E95D7DC430}.MinSizeRel|x64.Build.0 = MinSizeRel|x64
		{1CBD43E4-B299-3706-BE37-31E95D7DC430}.RelWithDebInfo|x64.ActiveCfg = RelWithDebInfo|x64
		{1CBD43E4-B299-3706-BE37-31E95D7DC430}.RelWithDebInfo|x64.Build.0 = RelWithDebInfo|x64
		{3DD29E51-82C0-39AA-8A9C-BBC494DBDD97}.Debug|x64.ActiveCfg = Debug|x64
		{3DD29E51-82C0-39AA-8A9C-BBC494DBDD97}.Debug|x64.Build.0 = Debug|x64
		{3DD29E51-82C0-39AA-8A9C-BBC494DBDD97}.Release|x64.ActiveCfg = Release|x64
		{3DD29E51-82C0-39AA-8A9C-BBC494DBDD97}.Release|x64.Build.0 = Release|x64
		{3DD29E51-82C0-39AA-8A9C-BBC494DBDD97}.MinSizeRel|x64.ActiveCfg = MinSizeRel|x64
		{3DD29E51-82C0-39AA-8A9C-BBC494DBDD97}.MinSizeRel|x64.Build.0 = MinSizeRel|x64
		{3DD29E51-82C0-39AA-8A9C-BBC494DBDD97}.RelWithDebInfo|x64.ActiveCfg = RelWithDebInfo|x64
		{3DD29E51-82C0-39AA-8A9C-BBC494DBDD97}.RelWithDebInfo|x64.Build.0 = RelWithDebInfo|x64
		{788A8526-1703-3EC5-8420-3C45289CD7D5}.Debug|x64.ActiveCfg = Debug|x64
		{788A8526-1703-3EC5-8420-3C45289CD7D5}.Debug|x64.Build.0 = Debug|x64
		{788A8526-1703-3EC5-8420-3C45289CD7D5}.Release|x64.ActiveCfg = Release|x64
		{788A8526-1703-3EC5-8420-3C45289CD7D5}.Release|x64.Build.0 = Release|x64
		{788A8526-1703-3EC5-8420-3C45289CD7D5}.MinSizeRel|x64.ActiveCfg = MinSizeRel|x64
		{788A8526-1703-3EC5-8420-3C45289CD7D5}.MinSizeRel|x64.Build.0 = MinSizeRel|x64
		{788A8526-1703-3EC5-8420-3C45289CD7D5}.RelWithDebInfo|x64.ActiveCfg = RelWithDebInfo|x64
		{788A8526-1703-3EC5-8420-3C45289CD7D5}.RelWithDebInfo|x64.Build.0 = RelWithDebInfo|x64
		{10F5452D-2D01-38C2-84A3-891A43F8DEB5}.Debug|x64.ActiveCfg = Debug|x64
		{10F5452D-2D01-38C2-84A3-891A43F8DEB5}.Debug|x64.Build.0 = Debug|x64
		{10F5452D-2D01-38C2-84A3-891A43F8DEB5}.Release|x64.ActiveCfg = Release|x64
		{10F5452D-2D01-38C2-84A3-891A43F8DEB5}.Release|x64.Build.0 = Release|x64
		{10F5452D-2D01-38C2-84A3-891A43F8DEB5}.MinSizeRel|x64.ActiveCfg = MinSizeRel|x64
		{10F5452D-2D01-38C2-84A3-891A43F8DEB5}.MinSizeRel|x64.Build.0 = MinSizeRel|x64
		{10F5452D-2D01-38C2-84A3-891A43F8DEB5}.RelWithDebInfo|x64.ActiveCfg = RelWithDebInfo|x64
		{10F5452D-2D01-38C2-84A3-891A43F8DEB5}.RelWithDebInfo|x64.Build.0 = RelWithDebInfo|x64
		{77C1466F-D52A-341C-BF51-CD03D03154C8}.Debug|x64.ActiveCfg = Debug|x64
		{77C1466F-D52A-341C-BF51-CD03D03154C8}.Debug|x64.Build.0 = Debug|x64
		{77C1466F-D52A-341C-BF51-CD03D03154C8}.Release|x64.ActiveCfg = Release|x64
		{77C1466F-D52A-341C-BF51-CD03D03154C8}.Release|x64.Build.0 = Release|x64
		{77C1466F-D52A-341C-BF51-CD03D03154C8}.MinSizeRel|x64.ActiveCfg = MinSizeRel|x64
		{77C1466F-D52A-341C-BF51-CD03D03154C8}.MinSizeRel|x64.Build.0 = MinSizeRel|x64
		{77C1466F-D52A-341C-BF51-CD03D03154C8}.RelWithDebInfo|x64.ActiveCfg = RelWithDebInfo|x64
		{77C1466F-D52A-341C-BF51-CD03D03154C8}.RelWithDebInfo|x64.Build.0 = RelWithDebInfo|x64
		{DEB1B490-0BF1-36D0-80B3-52F381547496}.Debug|x64.ActiveCfg = Debug|x64
		{DEB1B490-0BF1-36D0-80B3-52F381547496}.Debug|x64.Build.0 = Debug|x64
		{DEB1B490-0BF1-36D0-80B3-52F381547496}.Release|x64.ActiveCfg = Release|x64
		{DEB1B490-0BF1-36D0-80B3-52F381547496}.Release|x64.Build.0 = Release|x64
		{DEB1B490-0BF1-36D0-80B3-52F381547496}.MinSizeRel|x64.ActiveCfg = MinSizeRel|x64
		{DEB1B490-0BF1-36D0-80B3-52F381547496}.MinSizeRel|x64.Build.0 = MinSizeRel|x64
		{DEB1B490-0BF1-36D0-80B3-52F381547496}.RelWithDebInfo|x64.ActiveCfg = RelWithDebInfo|x64
		{DEB1B490-0BF1-36D0-80B3-52F381547496}.RelWithDebInfo|x64.Build.0 = RelWithDebInfo|x64
		{060B2E02-86BC-3A29-AD0A-7AE82D77E149}.Debug|x64.ActiveCfg = Debug|x64
		{060B2E02-86BC-3A29-AD0A-7AE82D77E149}.Debug|x64.Build.0 = Debug|x64
		{060B2E02-86BC-3A29-AD0A-7AE82D77E149}.Release|x64.ActiveCfg = Release|x64
		{060B2E02-86BC-3A29-AD0A-7AE82D77E149}.Release|x64.Build.0 = Release|x64
		{060B2E02-86BC-3A29-AD0A-7AE82D77E149}.MinSizeRel|x64.ActiveCfg = MinSizeRel|x64
		{060B2E02-86BC-3A29-AD0A-7AE82D77E149}.MinSizeRel|x64.Build.0 = MinSizeRel|x64
		{060B2E02-86BC-3A29-AD0A-7AE82D77E149}.RelWithDebInfo|x64.ActiveCfg = RelWithDebInfo|x64
		{060B2E02-86BC-3A29-AD0A-7AE82D77E149}.RelWithDebInfo|x64.Build.0 = RelWithDebInfo|x64
		{323DF407-7066-3692-ACCE-5319C4934271}.Debug|x64.ActiveCfg = Debug|x64
		{323DF407-7066-3692-ACCE-5319C4934271}.Debug|x64.Build.0 = Debug|x64
		{323DF407-7066-3692-ACCE-5319C4934271}.Release|x64.ActiveCfg = Release|x64
		{323DF407-7066-3692-ACCE-5319C4934271}.Release|x64.Build.0 = Release|x64
		{323DF407-7066-3692-ACCE-5319C4934271}.MinSizeRel|x64.ActiveCfg = MinSizeRel|x64
		{323DF407-7066-3692-ACCE-5319C4934271}.MinSizeRel|x64.Build.0 = MinSizeRel|x64
		{323DF407-7066-3692-ACCE-5319C4934271}.RelWithDebInfo|x64.ActiveCfg = RelWithDebInfo|x64
		{323DF407-7066-3692-ACCE-5319C4934271}.RelWithDebInfo|x64.Build.0 = RelWithDebInfo|x64
		{9AD67385-AED7-366A-8A85-6EC6EA54CEDD}.Debug|x64.ActiveCfg = Debug|x64
		{9AD67385-AED7-366A-8A85-6EC6EA54CEDD}.Debug|x64.Build.0 = Debug|x64
		{9AD67385-AED7-366A-8A85-6EC6EA54CEDD}.Release|x64.ActiveCfg = Release|x64
		{9AD67385-AED7-366A-8A85-6EC6EA54CEDD}.Release|x64.Build.0 = Release|x64
		{9AD67385-AED7-366A-8A85-6EC6EA54CEDD}.MinSizeRel|x64.ActiveCfg = MinSizeRel|x64
		{9AD67385-AED7-366A-8A85-6EC6EA54CEDD}.MinSizeRel|x64.Build.0 = MinSizeRel|x64
		{9AD67385-AED7-366A-8A85-6EC6EA54CEDD}.RelWithDebInfo|x64.ActiveCfg = RelWithDebInfo|x64
		{9AD67385-AED7-366A-8A85-6EC6EA54CEDD}.RelWithDebInfo|x64.Build.0 = RelWithDebInfo|x64
		{F97CB4E7-72A3-39D7-A5CB-39A7BAB84075}.Debug|x64.ActiveCfg = Debug|x64
		{F97CB4E7-72A3-39D7-A5CB-39A7BAB84075}.Debug|x64.Build.0 = Debug|x64
		{F97CB4E7-72A3-39D7-A5CB-39A7BAB84075}.Release|x64.ActiveCfg = Release|x64
		{F97CB4E7-72A3-39D7-A5CB-39A7BAB84075}.Release|x64.Build.0 = Release|x64
		{F97CB4E7-72A3-39D7-A5CB-39A7BAB84075}.MinSizeRel|x64.ActiveCfg = MinSizeRel|x64
		{F97CB4E7-72A3-39D7-A5CB-39A7BAB84075}.MinSizeRel|x64.Build.0 = MinSizeRel|x64
		{F97CB4E7-72A3-39D7-A5CB-39A7BAB84075}.RelWithDebInfo|x64.ActiveCfg = RelWithDebInfo|x64
		{F97CB4E7-72A3-39D7-A5CB-39A7BAB84075}.RelWithDebInfo|x64.Build.0 = RelWithDebInfo|x64
		{91EF5E7F-09C1-34A0-8347-2A0BC50B5002}.Debug|x64.ActiveCfg = Debug|x64
		{91EF5E7F-09C1-34A0-8347-2A0BC50B5002}.Debug|x64.Build.0 = Debug|x64
		{91EF5E7F-09C1-34A0-8347-2A0BC50B5002}.Release|x64.ActiveCfg = Release|x64
		{91EF5E7F-09C1-34A0-8347-2A0BC50B5002}.Release|x64.Build.0 = Release|x64
		{91EF5E7F-09C1-34A0-8347-2A0BC50B5002}.MinSizeRel|x64.ActiveCfg = MinSizeRel|x64
		{91EF5E7F-09C1-34A0-8347-2A0BC50B5002}.MinSizeRel|x64.Build.0 = MinSizeRel|x64
		{91EF5E7F-09C1-34A0-8347-2A0BC50B5002}.RelWithDebInfo|x64.ActiveCfg = RelWithDebInfo|x64
		{91EF5E7F-09C1-34A0-8347-2A0BC50B5002}.RelWithDebInfo|x64.Build.0 = RelWithDebInfo|x64
		{7ECA16F1-FE7E-32BC-B38C-F8724083783B}.Debug|x64.ActiveCfg = Debug|x64
		{7ECA16F1-FE7E-32BC-B38C-F8724083783B}.Debug|x64.Build.0 = Debug|x64
		{7ECA16F1-FE7E-32BC-B38C-F8724083783B}.Release|x64.ActiveCfg = Release|x64
		{7ECA16F1-FE7E-32BC-B38C-F8724083783B}.Release|x64.Build.0 = Release|x64
		{7ECA16F1-FE7E-32BC-B38C-F8724083783B}.MinSizeRel|x64.ActiveCfg = MinSizeRel|x64
		{7ECA16F1-FE7E-32BC-B38C-F8724083783B}.MinSizeRel|x64.Build.0 = MinSizeRel|x64
		{7ECA16F1-FE7E-32BC-B38C-F8724083783B}.RelWithDebInfo|x64.ActiveCfg = RelWithDebInfo|x64
		{7ECA16F1-FE7E-32BC-B38C-F8724083783B}.RelWithDebInfo|x64.Build.0 = RelWithDebInfo|x64
		{32383A3C-1CCF-3E08-95BF-60703FFE3FF0}.Debug|x64.ActiveCfg = Debug|x64
		{32383A3C-1CCF-3E08-95BF-60703FFE3FF0}.Debug|x64.Build.0 = Debug|x64
		{32383A3C-1CCF-3E08-95BF-60703FFE3FF0}.Release|x64.ActiveCfg = Release|x64
		{32383A3C-1CCF-3E08-95BF-60703FFE3FF0}.Release|x64.Build.0 = Release|x64
		{32383A3C-1CCF-3E08-95BF-60703FFE3FF0}.MinSizeRel|x64.ActiveCfg = MinSizeRel|x64
		{32383A3C-1CCF-3E08-95BF-60703FFE3FF0}.MinSizeRel|x64.Build.0 = MinSizeRel|x64
		{32383A3C-1CCF-3E08-95BF-60703FFE3FF0}.RelWithDebInfo|x64.ActiveCfg = RelWithDebInfo|x64
		{32383A3C-1CCF-3E08-95BF-60703FFE3FF0}.RelWithDebInfo|x64.Build.0 = RelWithDebInfo|x64
		{31A86C1A-58CD-38A0-82EC-58CA0D911F78}.Debug|x64.ActiveCfg = Debug|x64
		{31A86C1A-58CD-38A0-82EC-58CA0D911F78}.Debug|x64.Build.0 = Debug|x64
		{31A86C1A-58CD-38A0-82EC-58CA0D911F78}.Release|x64.ActiveCfg = Release|x64
		{31A86C1A-58CD-38A0-82EC-58CA0D911F78}.Release|x64.Build.0 = Release|x64
		{31A86C1A-58CD-38A0-82EC-58CA0D911F78}.MinSizeRel|x64.ActiveCfg = MinSizeRel|x64
		{31A86C1A-58CD-38A0-82EC-58CA0D911F78}.MinSizeRel|x64.Build.0 = MinSizeRel|x64
		{31A86C1A-58CD-38A0-82EC-58CA0D911F78}.RelWithDebInfo|x64.ActiveCfg = RelWithDebInfo|x64
		{31A86C1A-58CD-38A0-82EC-58CA0D911F78}.RelWithDebInfo|x64.Build.0 = RelWithDebInfo|x64
		{7665F33C-8C9B-303D-87EB-8FF1278B6D3F}.Debug|x64.ActiveCfg = Debug|x64
		{7665F33C-8C9B-303D-87EB-8FF1278B6D3F}.Debug|x64.Build.0 = Debug|x64
		{7665F33C-8C9B-303D-87EB-8FF1278B6D3F}.Release|x64.ActiveCfg = Release|x64
		{7665F33C-8C9B-303D-87EB-8FF1278B6D3F}.Release|x64.Build.0 = Release|x64
		{7665F33C-8C9B-303D-87EB-8FF1278B6D3F}.MinSizeRel|x64.ActiveCfg = MinSizeRel|x64
		{7665F33C-8C9B-303D-87EB-8FF1278B6D3F}.MinSizeRel|x64.Build.0 = MinSizeRel|x64
		{7665F33C-8C9B-303D-87EB-8FF1278B6D3F}.RelWithDebInfo|x64.ActiveCfg = RelWithDebInfo|x64
		{7665F33C-8C9B-303D-87EB-8FF1278B6D3F}.RelWithDebInfo|x64.Build.0 = RelWithDebInfo|x64
		{59565C96-0D5C-3E2F-8A73-00C220BFD509}.Debug|x64.ActiveCfg = Debug|x64
		{59565C96-0D5C-3E2F-8A73-00C220BFD509}.Debug|x64.Build.0 = Debug|x64
		{59565C96-0D5C-3E2F-8A73-00C220BFD509}.Release|x64.ActiveCfg = Release|x64
		{59565C96-0D5C-3E2F-8A73-00C220BFD509}.Release|x64.Build.0 = Release|x64
		{59565C96-0D5C-3E2F-8A73-00C220BFD509}.MinSizeRel|x64.ActiveCfg = MinSizeRel|x64
		{59565C96-0D5C-3E2F-8A73-00C220BFD509}.MinSizeRel|x64.Build.0 = MinSizeRel|x64
		{59565C96-0D5C-3E2F-8A73-00C220BFD509}.RelWithDebInfo|x64.ActiveCfg = RelWithDebInfo|x64
		{59565C96-0D5C-3E2F-8A73-00C220BFD509}.RelWithDebInfo|x64.Build.0 = RelWithDebInfo|x64
		{B49C3BF0-0085-31FF-A13F-659BF48A537F}.Debug|x64.ActiveCfg = Debug|x64
		{B49C3BF0-0085-31FF-A13F-659BF48A537F}.Debug|x64.Build.0 = Debug|x64
		{B49C3BF0-0085-31FF-A13F-659BF48A537F}.Release|x64.ActiveCfg = Release|x64
		{B49C3BF0-0085-31FF-A13F-659BF48A537F}.Release|x64.Build.0 = Release|x64
		{B49C3BF0-0085-31FF-A13F-659BF48A537F}.MinSizeRel|x64.ActiveCfg = MinSizeRel|x64
		{B49C3BF0-0085-31FF-A13F-659BF48A537F}.MinSizeRel|x64.Build.0 = MinSizeRel|x64
		{B49C3BF0-0085-31FF-A13F-659BF48A537F}.RelWithDebInfo|x64.ActiveCfg = RelWithDebInfo|x64
		{B49C3BF0-0085-31FF-A13F-659BF48A537F}.RelWithDebInfo|x64.Build.0 = RelWithDebInfo|x64
		{5F8ABEA2-0D8E-3A1C-80A0-AC1A3E7A08A1}.Debug|x64.ActiveCfg = Debug|x64
		{5F8ABEA2-0D8E-3A1C-80A0-AC1A3E7A08A1}.Debug|x64.Build.0 = Debug|x64
		{5F8ABEA2-0D8E-3A1C-80A0-AC1A3E7A08A1}.Release|x64.ActiveCfg = Release|x64
		{5F8ABEA2-0D8E-3A1C-80A0-AC1A3E7A08A1}.Release|x64.Build.0 = Release|x64
		{5F8ABEA2-0D8E-3A1C-80A0-AC1A3E7A08A1}.MinSizeRel|x64.ActiveCfg = MinSizeRel|x64
		{5F8ABEA2-0D8E-3A1C-80A0-AC1A3E7A08A1}.MinSizeRel|x64.Build.0 = MinSizeRel|x64
		{5F8ABEA2-0D8E-3A1C-80A0-AC1A3E7A08A1}.RelWithDebInfo|x64.ActiveCfg = RelWithDebInfo|x64
		{5F8ABEA2-0D8E-3A1C-80A0-AC1A3E7A08A1}.RelWithDebInfo|x64.Build.0 = RelWithDebInfo|x64
		{4AFC4B6B-9447-3192-A48E-2155CF615826}.Debug|x64.ActiveCfg = Debug|x64
		{4AFC4B6B-9447-3192-A48E-2155CF615826}.Debug|x64.Build.0 = Debug|x64
		{4AFC4B6B-9447-3192-A48E-2155CF615826}.Release|x64.ActiveCfg = Release|x64
		{4AFC4B6B-9447-3192-A48E-2155CF615826}.Release|x64.Build.0 = Release|x64
		{4AFC4B6B-9447-3192-A48E-2155CF615826}.MinSizeRel|x64.ActiveCfg = MinSizeRel|x64
		{4AFC4B6B-9447-3192-A48E-2155CF615826}.MinSizeRel|x64.Build.0 = MinSizeRel|x64
		{4AFC4B6B-9447-3192-A48E-2155CF615826}.RelWithDebInfo|x64.ActiveCfg = RelWithDebInfo|x64
		{4AFC4B6B-9447-3192-A48E-2155CF615826}.RelWithDebInfo|x64.Build.0 = RelWithDebInfo|x64
		{1F23CEE2-45C0-313D-A8C5-2A4A86484854}.Debug|x64.ActiveCfg = Debug|x64
		{1F23CEE2-45C0-313D-A8C5-2A4A86484854}.Debug|x64.Build.0 = Debug|x64
		{1F23CEE2-45C0-313D-A8C5-2A4A86484854}.Release|x64.ActiveCfg = Release|x64
		{1F23CEE2-45C0-313D-A8C5-2A4A86484854}.Release|x64.Build.0 = Release|x64
		{1F23CEE2-45C0-313D-A8C5-2A4A86484854}.MinSizeRel|x64.ActiveCfg = MinSizeRel|x64
		{1F23CEE2-45C0-313D-A8C5-2A4A86484854}.MinSizeRel|x64.Build.0 = MinSizeRel|x64
		{1F23CEE2-45C0-313D-A8C5-2A4A86484854}.RelWithDebInfo|x64.ActiveCfg = RelWithDebInfo|x64
		{1F23CEE2-45C0-313D-A8C5-2A4A86484854}.RelWithDebInfo|x64.Build.0 = RelWithDebInfo|x64
		{454DFA6E-30A7-36EC-A634-7252A4B2B1D3}.Debug|x64.ActiveCfg = Debug|x64
		{454DFA6E-30A7-36EC-A634-7252A4B2B1D3}.Debug|x64.Build.0 = Debug|x64
		{454DFA6E-30A7-36EC-A634-7252A4B2B1D3}.Release|x64.ActiveCfg = Release|x64
		{454DFA6E-30A7-36EC-A634-7252A4B2B1D3}.Release|x64.Build.0 = Release|x64
		{454DFA6E-30A7-36EC-A634-7252A4B2B1D3}.MinSizeRel|x64.ActiveCfg = MinSizeRel|x64
		{454DFA6E-30A7-36EC-A634-7252A4B2B1D3}.MinSizeRel|x64.Build.0 = MinSizeRel|x64
		{454DFA6E-30A7-36EC-A634-7252A4B2B1D3}.RelWithDebInfo|x64.ActiveCfg = RelWithDebInfo|x64
		{454DFA6E-30A7-36EC-A634-7252A4B2B1D3}.RelWithDebInfo|x64.Build.0 = RelWithDebInfo|x64
		{454FFFD6-64A4-3B39-BAF2-EED6502C33A1}.Debug|x64.ActiveCfg = Debug|x64
		{454FFFD6-64A4-3B39-BAF2-EED6502C33A1}.Debug|x64.Build.0 = Debug|x64
		{454FFFD6-64A4-3B39-BAF2-EED6502C33A1}.Release|x64.ActiveCfg = Release|x64
		{454FFFD6-64A4-3B39-BAF2-EED6502C33A1}.Release|x64.Build.0 = Release|x64
		{454FFFD6-64A4-3B39-BAF2-EED6502C33A1}.MinSizeRel|x64.ActiveCfg = MinSizeRel|x64
		{454FFFD6-64A4-3B39-BAF2-EED6502C33A1}.MinSizeRel|x64.Build.0 = MinSizeRel|x64
		{454FFFD6-64A4-3B39-BAF2-EED6502C33A1}.RelWithDebInfo|x64.ActiveCfg = RelWithDebInfo|x64
		{454FFFD6-64A4-3B39-BAF2-EED6502C33A1}.RelWithDebInfo|x64.Build.0 = RelWithDebInfo|x64
		{DBE0955A-F88C-33AD-9B1A-E3A2ECC41A00}.Debug|x64.ActiveCfg = Debug|x64
		{DBE0955A-F88C-33AD-9B1A-E3A2ECC41A00}.Debug|x64.Build.0 = Debug|x64
		{DBE0955A-F88C-33AD-9B1A-E3A2ECC41A00}.Release|x64.ActiveCfg = Release|x64
		{DBE0955A-F88C-33AD-9B1A-E3A2ECC41A00}.Release|x64.Build.0 = Release|x64
		{DBE0955A-F88C-33AD-9B1A-E3A2ECC41A00}.MinSizeRel|x64.ActiveCfg = MinSizeRel|x64
		{DBE0955A-F88C-33AD-9B1A-E3A2ECC41A00}.MinSizeRel|x64.Build.0 = MinSizeRel|x64
		{DBE0955A-F88C-33AD-9B1A-E3A2ECC41A00}.RelWithDebInfo|x64.ActiveCfg = RelWithDebInfo|x64
		{DBE0955A-F88C-33AD-9B1A-E3A2ECC41A00}.RelWithDebInfo|x64.Build.0 = RelWithDebInfo|x64
		{EA0834A8-8853-34D6-A16C-D4A502532502}.Debug|x64.ActiveCfg = Debug|x64
		{EA0834A8-8853-34D6-A16C-D4A502532502}.Debug|x64.Build.0 = Debug|x64
		{EA0834A8-8853-34D6-A16C-D4A502532502}.Release|x64.ActiveCfg = Release|x64
		{EA0834A8-8853-34D6-A16C-D4A502532502}.Release|x64.Build.0 = Release|x64
		{EA0834A8-8853-34D6-A16C-D4A502532502}.MinSizeRel|x64.ActiveCfg = MinSizeRel|x64
		{EA0834A8-8853-34D6-A16C-D4A502532502}.MinSizeRel|x64.Build.0 = MinSizeRel|x64
		{EA0834A8-8853-34D6-A16C-D4A502532502}.RelWithDebInfo|x64.ActiveCfg = RelWithDebInfo|x64
		{EA0834A8-8853-34D6-A16C-D4A502532502}.RelWithDebInfo|x64.Build.0 = RelWithDebInfo|x64
		{E6C85B1C-F5A2-3CA3-8066-C80B91107EA8}.Debug|x64.ActiveCfg = Debug|x64
		{E6C85B1C-F5A2-3CA3-8066-C80B91107EA8}.Debug|x64.Build.0 = Debug|x64
		{E6C85B1C-F5A2-3CA3-8066-C80B91107EA8}.Release|x64.ActiveCfg = Release|x64
		{E6C85B1C-F5A2-3CA3-8066-C80B91107EA8}.Release|x64.Build.0 = Release|x64
		{E6C85B1C-F5A2-3CA3-8066-C80B91107EA8}.MinSizeRel|x64.ActiveCfg = MinSizeRel|x64
		{E6C85B1C-F5A2-3CA3-8066-C80B91107EA8}.MinSizeRel|x64.Build.0 = MinSizeRel|x64
		{E6C85B1C-F5A2-3CA3-8066-C80B91107EA8}.RelWithDebInfo|x64.ActiveCfg = RelWithDebInfo|x64
		{E6C85B1C-F5A2-3CA3-8066-C80B91107EA8}.RelWithDebInfo|x64.Build.0 = RelWithDebInfo|x64
	EndGlobalSection
	GlobalSection(ExtensibilityGlobals) = postSolution
		SolutionGuid = {745AB0A5-11F7-3EBE-A489-5DD161713952}
	EndGlobalSection
	GlobalSection(ExtensibilityAddIns) = postSolution
	EndGlobalSection
EndGlobal
