<?xml version="1.0" encoding="utf-8"?>
<Project ToolsVersion="17.0" xmlns="http://schemas.microsoft.com/developer/msbuild/2003">
  <ItemGroup>
    <CustomBuild Include="D:\software\Program\source\projects\nfc\libnfc-build\build-src\CMakeFiles\98bcf4821225e60da3302d8cf0763ea3\PACKAGE_force.rule">
      <Filter>CMake Rules</Filter>
    </CustomBuild>
  </ItemGroup>
  <ItemGroup>
    <Filter Include="CMake Rules">
      <UniqueIdentifier>{2744B753-131B-3E4E-8E4A-4C6EB9693800}</UniqueIdentifier>
    </Filter>
  </ItemGroup>
</Project>
